// !$*UTF8*$!
{
	archiveVersion = 1;
	classes = {
	};
	objectVersion = 56;
	objects = {

/* Begin PBXBuildFile section */
		BEDC140E05176B13F50CC3DB /* Pods_testVideoStablize.framework in Frameworks */ = {isa = PBXBuildFile; fileRef = B8345C4F5B88C64E1246BB70 /* Pods_testVideoStablize.framework */; };
		F14FF0772D07EE0500CC2FE9 /* AppDelegate.swift in Sources */ = {isa = PBXBuildFile; fileRef = F14FF0762D07EE0500CC2FE9 /* AppDelegate.swift */; };
		F14FF0792D07EE0500CC2FE9 /* SceneDelegate.swift in Sources */ = {isa = PBXBuildFile; fileRef = F14FF0782D07EE0500CC2FE9 /* SceneDelegate.swift */; };
		F14FF07B2D07EE0500CC2FE9 /* ViewController.swift in Sources */ = {isa = PBXBuildFile; fileRef = F14FF07A2D07EE0500CC2FE9 /* ViewController.swift */; };
		F14FF07E2D07EE0500CC2FE9 /* Main.storyboard in Resources */ = {isa = PBXBuildFile; fileRef = F14FF07C2D07EE0500CC2FE9 /* Main.storyboard */; };
		F14FF0802D07EE0800CC2FE9 /* Assets.xcassets in Resources */ = {isa = PBXBuildFile; fileRef = F14FF07F2D07EE0800CC2FE9 /* Assets.xcassets */; };
		F14FF0832D07EE0800CC2FE9 /* LaunchScreen.storyboard in Resources */ = {isa = PBXBuildFile; fileRef = F14FF0812D07EE0800CC2FE9 /* LaunchScreen.storyboard */; };
/* End PBXBuildFile section */

/* Begin PBXFileReference section */
		14E6049E54E59CCA4D3CDD72 /* Pods-testVideoStablize.debug.xcconfig */ = {isa = PBXFileReference; includeInIndex = 1; lastKnownFileType = text.xcconfig; name = "Pods-testVideoStablize.debug.xcconfig"; path = "Target Support Files/Pods-testVideoStablize/Pods-testVideoStablize.debug.xcconfig"; sourceTree = "<group>"; };
		B8345C4F5B88C64E1246BB70 /* Pods_testVideoStablize.framework */ = {isa = PBXFileReference; explicitFileType = wrapper.framework; includeInIndex = 0; path = Pods_testVideoStablize.framework; sourceTree = BUILT_PRODUCTS_DIR; };
		E7FF99B363E3F926E6DF4F6A /* Pods-testVideoStablize.release.xcconfig */ = {isa = PBXFileReference; includeInIndex = 1; lastKnownFileType = text.xcconfig; name = "Pods-testVideoStablize.release.xcconfig"; path = "Target Support Files/Pods-testVideoStablize/Pods-testVideoStablize.release.xcconfig"; sourceTree = "<group>"; };
		F14FF0732D07EE0500CC2FE9 /* testVideoStablize.app */ = {isa = PBXFileReference; explicitFileType = wrapper.application; includeInIndex = 0; path = testVideoStablize.app; sourceTree = BUILT_PRODUCTS_DIR; };
		F14FF0762D07EE0500CC2FE9 /* AppDelegate.swift */ = {isa = PBXFileReference; lastKnownFileType = sourcecode.swift; path = AppDelegate.swift; sourceTree = "<group>"; };
		F14FF0782D07EE0500CC2FE9 /* SceneDelegate.swift */ = {isa = PBXFileReference; lastKnownFileType = sourcecode.swift; path = SceneDelegate.swift; sourceTree = "<group>"; };
		F14FF07A2D07EE0500CC2FE9 /* ViewController.swift */ = {isa = PBXFileReference; lastKnownFileType = sourcecode.swift; path = ViewController.swift; sourceTree = "<group>"; };
		F14FF07D2D07EE0500CC2FE9 /* Base */ = {isa = PBXFileReference; lastKnownFileType = file.storyboard; name = Base; path = Base.lproj/Main.storyboard; sourceTree = "<group>"; };
		F14FF07F2D07EE0800CC2FE9 /* Assets.xcassets */ = {isa = PBXFileReference; lastKnownFileType = folder.assetcatalog; path = Assets.xcassets; sourceTree = "<group>"; };
		F14FF0822D07EE0800CC2FE9 /* Base */ = {isa = PBXFileReference; lastKnownFileType = file.storyboard; name = Base; path = Base.lproj/LaunchScreen.storyboard; sourceTree = "<group>"; };
		F14FF0842D07EE0800CC2FE9 /* Info.plist */ = {isa = PBXFileReference; lastKnownFileType = text.plist.xml; path = Info.plist; sourceTree = "<group>"; };
/* End PBXFileReference section */

/* Begin PBXFrameworksBuildPhase section */
		F14FF0702D07EE0500CC2FE9 /* Frameworks */ = {
			isa = PBXFrameworksBuildPhase;
			buildActionMask = 2147483647;
			files = (
				BEDC140E05176B13F50CC3DB /* Pods_testVideoStablize.framework in Frameworks */,
			);
			runOnlyForDeploymentPostprocessing = 0;
		};
/* End PBXFrameworksBuildPhase section */

/* Begin PBXGroup section */
		8BC972C0FA72937E325880C4 /* Pods */ = {
			isa = PBXGroup;
			children = (
				14E6049E54E59CCA4D3CDD72 /* Pods-testVideoStablize.debug.xcconfig */,
				E7FF99B363E3F926E6DF4F6A /* Pods-testVideoStablize.release.xcconfig */,
			);
			path = Pods;
			sourceTree = "<group>";
		};
		D1EBC9C8F70E3EFA40F84404 /* Frameworks */ = {
			isa = PBXGroup;
			children = (
				B8345C4F5B88C64E1246BB70 /* Pods_testVideoStablize.framework */,
			);
			name = Frameworks;
			sourceTree = "<group>";
		};
		F14FF06A2D07EE0500CC2FE9 = {
			isa = PBXGroup;
			children = (
				F14FF0752D07EE0500CC2FE9 /* testVideoStablize */,
				F14FF0742D07EE0500CC2FE9 /* Products */,
				8BC972C0FA72937E325880C4 /* Pods */,
				D1EBC9C8F70E3EFA40F84404 /* Frameworks */,
			);
			sourceTree = "<group>";
		};
		F14FF0742D07EE0500CC2FE9 /* Products */ = {
			isa = PBXGroup;
			children = (
				F14FF0732D07EE0500CC2FE9 /* testVideoStablize.app */,
			);
			name = Products;
			sourceTree = "<group>";
		};
		F14FF0752D07EE0500CC2FE9 /* testVideoStablize */ = {
			isa = PBXGroup;
			children = (
				F14FF0762D07EE0500CC2FE9 /* AppDelegate.swift */,
				F14FF0782D07EE0500CC2FE9 /* SceneDelegate.swift */,
				F14FF07A2D07EE0500CC2FE9 /* ViewController.swift */,
				F14FF07C2D07EE0500CC2FE9 /* Main.storyboard */,
				F14FF07F2D07EE0800CC2FE9 /* Assets.xcassets */,
				F14FF0812D07EE0800CC2FE9 /* LaunchScreen.storyboard */,
				F14FF0842D07EE0800CC2FE9 /* Info.plist */,
			);
			path = testVideoStablize;
			sourceTree = "<group>";
		};
/* End PBXGroup section */

/* Begin PBXNativeTarget section */
		F14FF0722D07EE0500CC2FE9 /* testVideoStablize */ = {
			isa = PBXNativeTarget;
			buildConfigurationList = F14FF0872D07EE0800CC2FE9 /* Build configuration list for PBXNativeTarget "testVideoStablize" */;
			buildPhases = (
				80428AAE53B32DC74992EF30 /* [CP] Check Pods Manifest.lock */,
				F14FF06F2D07EE0500CC2FE9 /* Sources */,
				F14FF0702D07EE0500CC2FE9 /* Frameworks */,
				F14FF0712D07EE0500CC2FE9 /* Resources */,
				69E2BC5A08627DA097F24E28 /* [CP] Embed Pods Frameworks */,
			);
			buildRules = (
			);
			dependencies = (
			);
			name = testVideoStablize;
			productName = testVideoStablize;
			productReference = F14FF0732D07EE0500CC2FE9 /* testVideoStablize.app */;
			productType = "com.apple.product-type.application";
		};
/* End PBXNativeTarget section */

/* Begin PBXProject section */
		F14FF06B2D07EE0500CC2FE9 /* Project object */ = {
			isa = PBXProject;
			attributes = {
				BuildIndependentTargetsInParallel = 1;
				LastSwiftUpdateCheck = 1520;
				LastUpgradeCheck = 1520;
				TargetAttributes = {
					F14FF0722D07EE0500CC2FE9 = {
						CreatedOnToolsVersion = 15.2;
					};
				};
			};
			buildConfigurationList = F14FF06E2D07EE0500CC2FE9 /* Build configuration list for PBXProject "testVideoStablize" */;
			compatibilityVersion = "Xcode 14.0";
			developmentRegion = en;
			hasScannedForEncodings = 0;
			knownRegions = (
				en,
				Base,
			);
			mainGroup = F14FF06A2D07EE0500CC2FE9;
			productRefGroup = F14FF0742D07EE0500CC2FE9 /* Products */;
			projectDirPath = "";
			projectRoot = "";
			targets = (
				F14FF0722D07EE0500CC2FE9 /* testVideoStablize */,
			);
		};
/* End PBXProject section */

/* Begin PBXResourcesBuildPhase section */
		F14FF0712D07EE0500CC2FE9 /* Resources */ = {
			isa = PBXResourcesBuildPhase;
			buildActionMask = 2147483647;
			files = (
				F14FF0832D07EE0800CC2FE9 /* LaunchScreen.storyboard in Resources */,
				F14FF0802D07EE0800CC2FE9 /* Assets.xcassets in Resources */,
				F14FF07E2D07EE0500CC2FE9 /* Main.storyboard in Resources */,
			);
			runOnlyForDeploymentPostprocessing = 0;
		};
/* End PBXResourcesBuildPhase section */

/* Begin PBXShellScriptBuildPhase section */
		69E2BC5A08627DA097F24E28 /* [CP] Embed Pods Frameworks */ = {
			isa = PBXShellScriptBuildPhase;
			buildActionMask = 2147483647;
			files = (
			);
			inputFileListPaths = (
				"${PODS_ROOT}/Target Support Files/Pods-testVideoStablize/Pods-testVideoStablize-frameworks-${CONFIGURATION}-input-files.xcfilelist",
			);
			name = "[CP] Embed Pods Frameworks";
			outputFileListPaths = (
				"${PODS_ROOT}/Target Support Files/Pods-testVideoStablize/Pods-testVideoStablize-frameworks-${CONFIGURATION}-output-files.xcfilelist",
			);
			runOnlyForDeploymentPostprocessing = 0;
			shellPath = /bin/sh;
			shellScript = "\"${PODS_ROOT}/Target Support Files/Pods-testVideoStablize/Pods-testVideoStablize-frameworks.sh\"\n";
			showEnvVarsInLog = 0;
		};
		80428AAE53B32DC74992EF30 /* [CP] Check Pods Manifest.lock */ = {
			isa = PBXShellScriptBuildPhase;
			buildActionMask = 2147483647;
			files = (
			);
			inputFileListPaths = (
			);
			inputPaths = (
				"${PODS_PODFILE_DIR_PATH}/Podfile.lock",
				"${PODS_ROOT}/Manifest.lock",
			);
			name = "[CP] Check Pods Manifest.lock";
			outputFileListPaths = (
			);
			outputPaths = (
				"$(DERIVED_FILE_DIR)/Pods-testVideoStablize-checkManifestLockResult.txt",
			);
			runOnlyForDeploymentPostprocessing = 0;
			shellPath = /bin/sh;
			shellScript = "diff \"${PODS_PODFILE_DIR_PATH}/Podfile.lock\" \"${PODS_ROOT}/Manifest.lock\" > /dev/null\nif [ $? != 0 ] ; then\n    # print error to STDERR\n    echo \"error: The sandbox is not in sync with the Podfile.lock. Run 'pod install' or update your CocoaPods installation.\" >&2\n    exit 1\nfi\n# This output is used by Xcode 'outputs' to avoid re-running this script phase.\necho \"SUCCESS\" > \"${SCRIPT_OUTPUT_FILE_0}\"\n";
			showEnvVarsInLog = 0;
		};
/* End PBXShellScriptBuildPhase section */

/* Begin PBXSourcesBuildPhase section */
		F14FF06F2D07EE0500CC2FE9 /* Sources */ = {
			isa = PBXSourcesBuildPhase;
			buildActionMask = 2147483647;
			files = (
				F14FF07B2D07EE0500CC2FE9 /* ViewController.swift in Sources */,
				F14FF0772D07EE0500CC2FE9 /* AppDelegate.swift in Sources */,
				F14FF0792D07EE0500CC2FE9 /* SceneDelegate.swift in Sources */,
			);
			runOnlyForDeploymentPostprocessing = 0;
		};
/* End PBXSourcesBuildPhase section */

/* Begin PBXVariantGroup section */
		F14FF07C2D07EE0500CC2FE9 /* Main.storyboard */ = {
			isa = PBXVariantGroup;
			children = (
				F14FF07D2D07EE0500CC2FE9 /* Base */,
			);
			name = Main.storyboard;
			sourceTree = "<group>";
		};
		F14FF0812D07EE0800CC2FE9 /* LaunchScreen.storyboard */ = {
			isa = PBXVariantGroup;
			children = (
				F14FF0822D07EE0800CC2FE9 /* Base */,
			);
			name = LaunchScreen.storyboard;
			sourceTree = "<group>";
		};
/* End PBXVariantGroup section */

/* Begin XCBuildConfiguration section */
		F14FF0852D07EE0800CC2FE9 /* Debug */ = {
			isa = XCBuildConfiguration;
			buildSettings = {
				ALWAYS_SEARCH_USER_PATHS = NO;
				ASSETCATALOG_COMPILER_GENERATE_SWIFT_ASSET_SYMBOL_EXTENSIONS = YES;
				CLANG_ANALYZER_NONNULL = YES;
				CLANG_ANALYZER_NUMBER_OBJECT_CONVERSION = YES_AGGRESSIVE;
				CLANG_CXX_LANGUAGE_STANDARD = "gnu++20";
				CLANG_ENABLE_MODULES = YES;
				CLANG_ENABLE_OBJC_ARC = YES;
				CLANG_ENABLE_OBJC_WEAK = YES;
				CLANG_WARN_BLOCK_CAPTURE_AUTORELEASING = YES;
				CLANG_WARN_BOOL_CONVERSION = YES;
				CLANG_WARN_COMMA = YES;
				CLANG_WARN_CONSTANT_CONVERSION = YES;
				CLANG_WARN_DEPRECATED_OBJC_IMPLEMENTATIONS = YES;
				CLANG_WARN_DIRECT_OBJC_ISA_USAGE = YES_ERROR;
				CLANG_WARN_DOCUMENTATION_COMMENTS = YES;
				CLANG_WARN_EMPTY_BODY = YES;
				CLANG_WARN_ENUM_CONVERSION = YES;
				CLANG_WARN_INFINITE_RECURSION = YES;
				CLANG_WARN_INT_CONVERSION = YES;
				CLANG_WARN_NON_LITERAL_NULL_CONVERSION = YES;
				CLANG_WARN_OBJC_IMPLICIT_RETAIN_SELF = YES;
				CLANG_WARN_OBJC_LITERAL_CONVERSION = YES;
				CLANG_WARN_OBJC_ROOT_CLASS = YES_ERROR;
				CLANG_WARN_QUOTED_INCLUDE_IN_FRAMEWORK_HEADER = YES;
				CLANG_WARN_RANGE_LOOP_ANALYSIS = YES;
				CLANG_WARN_STRICT_PROTOTYPES = YES;
				CLANG_WARN_SUSPICIOUS_MOVE = YES;
				CLANG_WARN_UNGUARDED_AVAILABILITY = YES_AGGRESSIVE;
				CLANG_WARN_UNREACHABLE_CODE = YES;
				CLANG_WARN__DUPLICATE_METHOD_MATCH = YES;
				COPY_PHASE_STRIP = NO;
				DEBUG_INFORMATION_FORMAT = dwarf;
				ENABLE_STRICT_OBJC_MSGSEND = YES;
				ENABLE_TESTABILITY = YES;
				ENABLE_USER_SCRIPT_SANDBOXING = YES;
				GCC_C_LANGUAGE_STANDARD = gnu17;
				GCC_DYNAMIC_NO_PIC = NO;
				GCC_NO_COMMON_BLOCKS = YES;
				GCC_OPTIMIZATION_LEVEL = 0;
				GCC_PREPROCESSOR_DEFINITIONS = (
					"DEBUG=1",
					"$(inherited)",
				);
				GCC_WARN_64_TO_32_BIT_CONVERSION = YES;
				GCC_WARN_ABOUT_RETURN_TYPE = YES_ERROR;
				GCC_WARN_UNDECLARED_SELECTOR = YES;
				GCC_WARN_UNINITIALIZED_AUTOS = YES_AGGRESSIVE;
				GCC_WARN_UNUSED_FUNCTION = YES;
				GCC_WARN_UNUSED_VARIABLE = YES;
				IPHONEOS_DEPLOYMENT_TARGET = 17.2;
				LOCALIZATION_PREFERS_STRING_CATALOGS = YES;
				MTL_ENABLE_DEBUG_INFO = INCLUDE_SOURCE;
				MTL_FAST_MATH = YES;
				ONLY_ACTIVE_ARCH = YES;
				SDKROOT = iphoneos;
				SWIFT_ACTIVE_COMPILATION_CONDITIONS = "DEBUG $(inherited)";
				SWIFT_OPTIMIZATION_LEVEL = "-Onone";
			};
			name = Debug;
		};
		F14FF0862D07EE0800CC2FE9 /* Release */ = {
			isa = XCBuildConfiguration;
			buildSettings = {
				ALWAYS_SEARCH_USER_PATHS = NO;
				ASSETCATALOG_COMPILER_GENERATE_SWIFT_ASSET_SYMBOL_EXTENSIONS = YES;
				CLANG_ANALYZER_NONNULL = YES;
				CLANG_ANALYZER_NUMBER_OBJECT_CONVERSION = YES_AGGRESSIVE;
				CLANG_CXX_LANGUAGE_STANDARD = "gnu++20";
				CLANG_ENABLE_MODULES = YES;
				CLANG_ENABLE_OBJC_ARC = YES;
				CLANG_ENABLE_OBJC_WEAK = YES;
				CLANG_WARN_BLOCK_CAPTURE_AUTORELEASING = YES;
				CLANG_WARN_BOOL_CONVERSION = YES;
				CLANG_WARN_COMMA = YES;
				CLANG_WARN_CONSTANT_CONVERSION = YES;
				CLANG_WARN_DEPRECATED_OBJC_IMPLEMENTATIONS = YES;
				CLANG_WARN_DIRECT_OBJC_ISA_USAGE = YES_ERROR;
				CLANG_WARN_DOCUMENTATION_COMMENTS = YES;
				CLANG_WARN_EMPTY_BODY = YES;
				CLANG_WARN_ENUM_CONVERSION = YES;
				CLANG_WARN_INFINITE_RECURSION = YES;
				CLANG_WARN_INT_CONVERSION = YES;
				CLANG_WARN_NON_LITERAL_NULL_CONVERSION = YES;
				CLANG_WARN_OBJC_IMPLICIT_RETAIN_SELF = YES;
				CLANG_WARN_OBJC_LITERAL_CONVERSION = YES;
				CLANG_WARN_OBJC_ROOT_CLASS = YES_ERROR;
				CLANG_WARN_QUOTED_INCLUDE_IN_FRAMEWORK_HEADER = YES;
				CLANG_WARN_RANGE_LOOP_ANALYSIS = YES;
				CLANG_WARN_STRICT_PROTOTYPES = YES;
				CLANG_WARN_SUSPICIOUS_MOVE = YES;
				CLANG_WARN_UNGUARDED_AVAILABILITY = YES_AGGRESSIVE;
				CLANG_WARN_UNREACHABLE_CODE = YES;
				CLANG_WARN__DUPLICATE_METHOD_MATCH = YES;
				COPY_PHASE_STRIP = NO;
				DEBUG_INFORMATION_FORMAT = "dwarf-with-dsym";
				ENABLE_NS_ASSERTIONS = NO;
				ENABLE_STRICT_OBJC_MSGSEND = YES;
				ENABLE_USER_SCRIPT_SANDBOXING = YES;
				GCC_C_LANGUAGE_STANDARD = gnu17;
				GCC_NO_COMMON_BLOCKS = YES;
				GCC_WARN_64_TO_32_BIT_CONVERSION = YES;
				GCC_WARN_ABOUT_RETURN_TYPE = YES_ERROR;
				GCC_WARN_UNDECLARED_SELECTOR = YES;
				GCC_WARN_UNINITIALIZED_AUTOS = YES_AGGRESSIVE;
				GCC_WARN_UNUSED_FUNCTION = YES;
				GCC_WARN_UNUSED_VARIABLE = YES;
				IPHONEOS_DEPLOYMENT_TARGET = 17.2;
				LOCALIZATION_PREFERS_STRING_CATALOGS = YES;
				MTL_ENABLE_DEBUG_INFO = NO;
				MTL_FAST_MATH = YES;
				SDKROOT = iphoneos;
				SWIFT_COMPILATION_MODE = wholemodule;
				VALIDATE_PRODUCT = YES;
			};
			name = Release;
		};
		F14FF0882D07EE0800CC2FE9 /* Debug */ = {
			isa = XCBuildConfiguration;
			baseConfigurationReference = 14E6049E54E59CCA4D3CDD72 /* Pods-testVideoStablize.debug.xcconfig */;
			buildSettings = {
				ASSETCATALOG_COMPILER_APPICON_NAME = AppIcon;
				ASSETCATALOG_COMPILER_GLOBAL_ACCENT_COLOR_NAME = AccentColor;
				CODE_SIGN_STYLE = Automatic;
				CURRENT_PROJECT_VERSION = 1;
				DEVELOPMENT_TEAM = 5934F7X3NB;
				ENABLE_USER_SCRIPT_SANDBOXING = NO;
				GENERATE_INFOPLIST_FILE = YES;
				INFOPLIST_FILE = testVideoStablize/Info.plist;
				INFOPLIST_KEY_UIApplicationSupportsIndirectInputEvents = YES;
				INFOPLIST_KEY_UILaunchStoryboardName = LaunchScreen;
				INFOPLIST_KEY_UIMainStoryboardFile = Main;
				INFOPLIST_KEY_UISupportedInterfaceOrientations_iPad = "UIInterfaceOrientationPortrait UIInterfaceOrientationPortraitUpsideDown UIInterfaceOrientationLandscapeLeft UIInterfaceOrientationLandscapeRight";
				INFOPLIST_KEY_UISupportedInterfaceOrientations_iPhone = "UIInterfaceOrientationPortrait UIInterfaceOrientationLandscapeLeft UIInterfaceOrientationLandscapeRight";
				LD_RUNPATH_SEARCH_PATHS = (
					"$(inherited)",
					"@executable_path/Frameworks",
				);
				MARKETING_VERSION = 1.0;
				PRODUCT_BUNDLE_IDENTIFIER = thinh.testVideoStablize;
				PRODUCT_NAME = "$(TARGET_NAME)";
				SWIFT_EMIT_LOC_STRINGS = YES;
				SWIFT_VERSION = 5.0;
				TARGETED_DEVICE_FAMILY = "1,2";
			};
			name = Debug;
		};
		F14FF0892D07EE0800CC2FE9 /* Release */ = {
			isa = XCBuildConfiguration;
			baseConfigurationReference = E7FF99B363E3F926E6DF4F6A /* Pods-testVideoStablize.release.xcconfig */;
			buildSettings = {
				ASSETCATALOG_COMPILER_APPICON_NAME = AppIcon;
				ASSETCATALOG_COMPILER_GLOBAL_ACCENT_COLOR_NAME = AccentColor;
				CODE_SIGN_STYLE = Automatic;
				CURRENT_PROJECT_VERSION = 1;
				DEVELOPMENT_TEAM = 5934F7X3NB;
				ENABLE_USER_SCRIPT_SANDBOXING = NO;
				GENERATE_INFOPLIST_FILE = YES;
				INFOPLIST_FILE = testVideoStablize/Info.plist;
				INFOPLIST_KEY_UIApplicationSupportsIndirectInputEvents = YES;
				INFOPLIST_KEY_UILaunchStoryboardName = LaunchScreen;
				INFOPLIST_KEY_UIMainStoryboardFile = Main;
				INFOPLIST_KEY_UISupportedInterfaceOrientations_iPad = "UIInterfaceOrientationPortrait UIInterfaceOrientationPortraitUpsideDown UIInterfaceOrientationLandscapeLeft UIInterfaceOrientationLandscapeRight";
				INFOPLIST_KEY_UISupportedInterfaceOrientations_iPhone = "UIInterfaceOrientationPortrait UIInterfaceOrientationLandscapeLeft UIInterfaceOrientationLandscapeRight";
				LD_RUNPATH_SEARCH_PATHS = (
					"$(inherited)",
					"@executable_path/Frameworks",
				);
				MARKETING_VERSION = 1.0;
				PRODUCT_BUNDLE_IDENTIFIER = thinh.testVideoStablize;
				PRODUCT_NAME = "$(TARGET_NAME)";
				SWIFT_EMIT_LOC_STRINGS = YES;
				SWIFT_VERSION = 5.0;
				TARGETED_DEVICE_FAMILY = "1,2";
			};
			name = Release;
		};
/* End XCBuildConfiguration section */

/* Begin XCConfigurationList section */
		F14FF06E2D07EE0500CC2FE9 /* Build configuration list for PBXProject "testVideoStablize" */ = {
			isa = XCConfigurationList;
			buildConfigurations = (
				F14FF0852D07EE0800CC2FE9 /* Debug */,
				F14FF0862D07EE0800CC2FE9 /* Release */,
			);
			defaultConfigurationIsVisible = 0;
			defaultConfigurationName = Release;
		};
		F14FF0872D07EE0800CC2FE9 /* Build configuration list for PBXNativeTarget "testVideoStablize" */ = {
			isa = XCConfigurationList;
			buildConfigurations = (
				F14FF0882D07EE0800CC2FE9 /* Debug */,
				F14FF0892D07EE0800CC2FE9 /* Release */,
			);
			defaultConfigurationIsVisible = 0;
			defaultConfigurationName = Release;
		};
/* End XCConfigurationList section */
	};
	rootObject = F14FF06B2D07EE0500CC2FE9 /* Project object */;
}
